// !$*UTF8*$!
{
	archiveVersion = 1;
	classes = {
	};
	objectVersion = 46;
	objects = {

/* Begin PBXBuildFile section */
		4ABF41AD1BCCB28800E836DC /* AppDelegate.swift in Sources */ = {isa = PBXBuildFile; fileRef = 4ABF41AC1BCCB28800E836DC /* AppDelegate.swift */; };
		4ABF41AF1BCCB28800E836DC /* ViewController.swift in Sources */ = {isa = PBXBuildFile; fileRef = 4ABF41AE1BCCB28800E836DC /* ViewController.swift */; };
		4ABF41B21BCCB28800E836DC /* Main.storyboard in Resources */ = {isa = PBXBuildFile; fileRef = 4ABF41B01BCCB28800E836DC /* Main.storyboard */; };
		4ABF41B41BCCB28800E836DC /* Assets.xcassets in Resources */ = {isa = PBXBuildFile; fileRef = 4ABF41B31BCCB28800E836DC /* Assets.xcassets */; };
		4ABF41B71BCCB28800E836DC /* LaunchScreen.storyboard in Resources */ = {isa = PBXBuildFile; fileRef = 4ABF41B51BCCB28800E836DC /* LaunchScreen.storyboard */; };
		4ABF41C21BCCB28800E836DC /* BreakoutTests.swift in Sources */ = {isa = PBXBuildFile; fileRef = 4ABF41C11BCCB28800E836DC /* BreakoutTests.swift */; };
		4ABF41CD1BCCB28800E836DC /* BreakoutUITests.swift in Sources */ = {isa = PBXBuildFile; fileRef = 4ABF41CC1BCCB28800E836DC /* BreakoutUITests.swift */; };
		4ABF41DB1BCCD30C00E836DC /* BreakoutBehavior.swift in Sources */ = {isa = PBXBuildFile; fileRef = 4ABF41DA1BCCD30C00E836DC /* BreakoutBehavior.swift */; settings = {ASSET_TAGS = (); }; };
		4ABF41DD1BCF8A6C00E836DC /* Settings.swift in Sources */ = {isa = PBXBuildFile; fileRef = 4ABF41DC1BCF8A6C00E836DC /* Settings.swift */; settings = {ASSET_TAGS = (); }; };
		4ABF41DF1BCFA3C000E836DC /* SettingsViewController.swift in Sources */ = {isa = PBXBuildFile; fileRef = 4ABF41DE1BCFA3C000E836DC /* SettingsViewController.swift */; settings = {ASSET_TAGS = (); }; };
/* End PBXBuildFile section */

/* Begin PBXContainerItemProxy section */
		4ABF41BE1BCCB28800E836DC /* PBXContainerItemProxy */ = {
			isa = PBXContainerItemProxy;
			containerPortal = 4ABF41A11BCCB28800E836DC /* Project object */;
			proxyType = 1;
			remoteGlobalIDString = 4ABF41A81BCCB28800E836DC;
			remoteInfo = Breakout;
		};
		4ABF41C91BCCB28800E836DC /* PBXContainerItemProxy */ = {
			isa = PBXContainerItemProxy;
			containerPortal = 4ABF41A11BCCB28800E836DC /* Project object */;
			proxyType = 1;
			remoteGlobalIDString = 4ABF41A81BCCB28800E836DC;
			remoteInfo = Breakout;
		};
/* End PBXContainerItemProxy section */

/* Begin PBXFileReference section */
		4ABF41A91BCCB28800E836DC /* Breakout.app */ = {isa = PBXFileReference; explicitFileType = wrapper.application; includeInIndex = 0; path = Breakout.app; sourceTree = BUILT_PRODUCTS_DIR; };
		4ABF41AC1BCCB28800E836DC /* AppDelegate.swift */ = {isa = PBXFileReference; lastKnownFileType = sourcecode.swift; path = AppDelegate.swift; sourceTree = "<group>"; };
		4ABF41AE1BCCB28800E836DC /* ViewController.swift */ = {isa = PBXFileReference; lastKnownFileType = sourcecode.swift; path = ViewController.swift; sourceTree = "<group>"; };
		4ABF41B11BCCB28800E836DC /* Base */ = {isa = PBXFileReference; lastKnownFileType = file.storyboard; name = Base; path = Base.lproj/Main.storyboard; sourceTree = "<group>"; };
		4ABF41B31BCCB28800E836DC /* Assets.xcassets */ = {isa = PBXFileReference; lastKnownFileType = folder.assetcatalog; path = Assets.xcassets; sourceTree = "<group>"; };
		4ABF41B61BCCB28800E836DC /* Base */ = {isa = PBXFileReference; lastKnownFileType = file.storyboard; name = Base; path = Base.lproj/LaunchScreen.storyboard; sourceTree = "<group>"; };
		4ABF41B81BCCB28800E836DC /* Info.plist */ = {isa = PBXFileReference; lastKnownFileType = text.plist.xml; path = Info.plist; sourceTree = "<group>"; };
		4ABF41BD1BCCB28800E836DC /* BreakoutTests.xctest */ = {isa = PBXFileReference; explicitFileType = wrapper.cfbundle; includeInIndex = 0; path = BreakoutTests.xctest; sourceTree = BUILT_PRODUCTS_DIR; };
		4ABF41C11BCCB28800E836DC /* BreakoutTests.swift */ = {isa = PBXFileReference; lastKnownFileType = sourcecode.swift; path = BreakoutTests.swift; sourceTree = "<group>"; };
		4ABF41C31BCCB28800E836DC /* Info.plist */ = {isa = PBXFileReference; lastKnownFileType = text.plist.xml; path = Info.plist; sourceTree = "<group>"; };
		4ABF41C81BCCB28800E836DC /* BreakoutUITests.xctest */ = {isa = PBXFileReference; explicitFileType = wrapper.cfbundle; includeInIndex = 0; path = BreakoutUITests.xctest; sourceTree = BUILT_PRODUCTS_DIR; };
		4ABF41CC1BCCB28800E836DC /* BreakoutUITests.swift */ = {isa = PBXFileReference; lastKnownFileType = sourcecode.swift; path = BreakoutUITests.swift; sourceTree = "<group>"; };
		4ABF41CE1BCCB28800E836DC /* Info.plist */ = {isa = PBXFileReference; lastKnownFileType = text.plist.xml; path = Info.plist; sourceTree = "<group>"; };
		4ABF41DA1BCCD30C00E836DC /* BreakoutBehavior.swift */ = {isa = PBXFileReference; fileEncoding = 4; lastKnownFileType = sourcecode.swift; path = BreakoutBehavior.swift; sourceTree = "<group>"; };
		4ABF41DC1BCF8A6C00E836DC /* Settings.swift */ = {isa = PBXFileReference; fileEncoding = 4; lastKnownFileType = sourcecode.swift; path = Settings.swift; sourceTree = "<group>"; };
		4ABF41DE1BCFA3C000E836DC /* SettingsViewController.swift */ = {isa = PBXFileReference; fileEncoding = 4; lastKnownFileType = sourcecode.swift; path = SettingsViewController.swift; sourceTree = "<group>"; };
/* End PBXFileReference section */

/* Begin PBXFrameworksBuildPhase section */
		4ABF41A61BCCB28800E836DC /* Frameworks */ = {
			isa = PBXFrameworksBuildPhase;
			buildActionMask = 2147483647;
			files = (
			);
			runOnlyForDeploymentPostprocessing = 0;
		};
		4ABF41BA1BCCB28800E836DC /* Frameworks */ = {
			isa = PBXFrameworksBuildPhase;
			buildActionMask = 2147483647;
			files = (
			);
			runOnlyForDeploymentPostprocessing = 0;
		};
		4ABF41C51BCCB28800E836DC /* Frameworks */ = {
			isa = PBXFrameworksBuildPhase;
			buildActionMask = 2147483647;
			files = (
			);
			runOnlyForDeploymentPostprocessing = 0;
		};
/* End PBXFrameworksBuildPhase section */

/* Begin PBXGroup section */
		4ABF41A01BCCB28800E836DC = {
			isa = PBXGroup;
			children = (
				4ABF41AB1BCCB28800E836DC /* Breakout */,
				4ABF41C01BCCB28800E836DC /* BreakoutTests */,
				4ABF41CB1BCCB28800E836DC /* BreakoutUITests */,
				4ABF41AA1BCCB28800E836DC /* Products */,
			);
			sourceTree = "<group>";
		};
		4ABF41AA1BCCB28800E836DC /* Products */ = {
			isa = PBXGroup;
			children = (
				4ABF41A91BCCB28800E836DC /* Breakout.app */,
				4ABF41BD1BCCB28800E836DC /* BreakoutTests.xctest */,
				4ABF41C81BCCB28800E836DC /* BreakoutUITests.xctest */,
			);
			name = Products;
			sourceTree = "<group>";
		};
		4ABF41AB1BCCB28800E836DC /* Breakout */ = {
			isa = PBXGroup;
			children = (
				4ABF41AC1BCCB28800E836DC /* AppDelegate.swift */,
				4ABF41AE1BCCB28800E836DC /* ViewController.swift */,
				4ABF41DA1BCCD30C00E836DC /* BreakoutBehavior.swift */,
				4ABF41DC1BCF8A6C00E836DC /* Settings.swift */,
				4ABF41DE1BCFA3C000E836DC /* SettingsViewController.swift */,
				4ABF41B01BCCB28800E836DC /* Main.storyboard */,
				4ABF41B31BCCB28800E836DC /* Assets.xcassets */,
				4ABF41B51BCCB28800E836DC /* LaunchScreen.storyboard */,
				4ABF41B81BCCB28800E836DC /* Info.plist */,
			);
			path = Breakout;
			sourceTree = "<group>";
		};
		4ABF41C01BCCB28800E836DC /* BreakoutTests */ = {
			isa = PBXGroup;
			children = (
				4ABF41C11BCCB28800E836DC /* BreakoutTests.swift */,
				4ABF41C31BCCB28800E836DC /* Info.plist */,
			);
			path = BreakoutTests;
			sourceTree = "<group>";
		};
		4ABF41CB1BCCB28800E836DC /* BreakoutUITests */ = {
			isa = PBXGroup;
			children = (
				4ABF41CC1BCCB28800E836DC /* BreakoutUITests.swift */,
				4ABF41CE1BCCB28800E836DC /* Info.plist */,
			);
			path = BreakoutUITests;
			sourceTree = "<group>";
		};
/* End PBXGroup section */

/* Begin PBXNativeTarget section */
		4ABF41A81BCCB28800E836DC /* Breakout */ = {
			isa = PBXNativeTarget;
			buildConfigurationList = 4ABF41D11BCCB28800E836DC /* Build configuration list for PBXNativeTarget "Breakout" */;
			buildPhases = (
				4ABF41A51BCCB28800E836DC /* Sources */,
				4ABF41A61BCCB28800E836DC /* Frameworks */,
				4ABF41A71BCCB28800E836DC /* Resources */,
			);
			buildRules = (
			);
			dependencies = (
			);
			name = Breakout;
			productName = Breakout;
			productReference = 4ABF41A91BCCB28800E836DC /* Breakout.app */;
			productType = "com.apple.product-type.application";
		};
		4ABF41BC1BCCB28800E836DC /* BreakoutTests */ = {
			isa = PBXNativeTarget;
			buildConfigurationList = 4ABF41D41BCCB28800E836DC /* Build configuration list for PBXNativeTarget "BreakoutTests" */;
			buildPhases = (
				4ABF41B91BCCB28800E836DC /* Sources */,
				4ABF41BA1BCCB28800E836DC /* Frameworks */,
				4ABF41BB1BCCB28800E836DC /* Resources */,
			);
			buildRules = (
			);
			dependencies = (
				4ABF41BF1BCCB28800E836DC /* PBXTargetDependency */,
			);
			name = BreakoutTests;
			productName = BreakoutTests;
			productReference = 4ABF41BD1BCCB28800E836DC /* BreakoutTests.xctest */;
			productType = "com.apple.product-type.bundle.unit-test";
		};
		4ABF41C71BCCB28800E836DC /* BreakoutUITests */ = {
			isa = PBXNativeTarget;
			buildConfigurationList = 4ABF41D71BCCB28800E836DC /* Build configuration list for PBXNativeTarget "BreakoutUITests" */;
			buildPhases = (
				4ABF41C41BCCB28800E836DC /* Sources */,
				4ABF41C51BCCB28800E836DC /* Frameworks */,
				4ABF41C61BCCB28800E836DC /* Resources */,
			);
			buildRules = (
			);
			dependencies = (
				4ABF41CA1BCCB28800E836DC /* PBXTargetDependency */,
			);
			name = BreakoutUITests;
			productName = BreakoutUITests;
			productReference = 4ABF41C81BCCB28800E836DC /* BreakoutUITests.xctest */;
			productType = "com.apple.product-type.bundle.ui-testing";
		};
/* End PBXNativeTarget section */

/* Begin PBXProject section */
		4ABF41A11BCCB28800E836DC /* Project object */ = {
			isa = PBXProject;
			attributes = {
				LastUpgradeCheck = 0700;
				ORGANIZATIONNAME = nevercry;
				TargetAttributes = {
					4ABF41A81BCCB28800E836DC = {
						CreatedOnToolsVersion = 7.0.1;
						DevelopmentTeam = L8463XAM23;
					};
					4ABF41BC1BCCB28800E836DC = {
						CreatedOnToolsVersion = 7.0.1;
						DevelopmentTeam = L8463XAM23;
						TestTargetID = 4ABF41A81BCCB28800E836DC;
					};
					4ABF41C71BCCB28800E836DC = {
						CreatedOnToolsVersion = 7.0.1;
						DevelopmentTeam = L8463XAM23;
						TestTargetID = 4ABF41A81BCCB28800E836DC;
					};
				};
			};
			buildConfigurationList = 4ABF41A41BCCB28800E836DC /* Build configuration list for PBXProject "Breakout" */;
			compatibilityVersion = "Xcode 3.2";
			developmentRegion = English;
			hasScannedForEncodings = 0;
			knownRegions = (
				en,
				Base,
			);
			mainGroup = 4ABF41A01BCCB28800E836DC;
			productRefGroup = 4ABF41AA1BCCB28800E836DC /* Products */;
			projectDirPath = "";
			projectRoot = "";
			targets = (
				4ABF41A81BCCB28800E836DC /* Breakout */,
				4ABF41BC1BCCB28800E836DC /* BreakoutTests */,
				4ABF41C71BCCB28800E836DC /* BreakoutUITests */,
			);
		};
/* End PBXProject section */

/* Begin PBXResourcesBuildPhase section */
		4ABF41A71BCCB28800E836DC /* Resources */ = {
			isa = PBXResourcesBuildPhase;
			buildActionMask = 2147483647;
			files = (
				4ABF41B71BCCB28800E836DC /* LaunchScreen.storyboard in Resources */,
				4ABF41B41BCCB28800E836DC /* Assets.xcassets in Resources */,
				4ABF41B21BCCB28800E836DC /* Main.storyboard in Resources */,
			);
			runOnlyForDeploymentPostprocessing = 0;
		};
		4ABF41BB1BCCB28800E836DC /* Resources */ = {
			isa = PBXResourcesBuildPhase;
			buildActionMask = 2147483647;
			files = (
			);
			runOnlyForDeploymentPostprocessing = 0;
		};
		4ABF41C61BCCB28800E836DC /* Resources */ = {
			isa = PBXResourcesBuildPhase;
			buildActionMask = 2147483647;
			files = (
			);
			runOnlyForDeploymentPostprocessing = 0;
		};
/* End PBXResourcesBuildPhase section */

/* Begin PBXSourcesBuildPhase section */
		4ABF41A51BCCB28800E836DC /* Sources */ = {
			isa = PBXSourcesBuildPhase;
			buildActionMask = 2147483647;
			files = (
				4ABF41DB1BCCD30C00E836DC /* BreakoutBehavior.swift in Sources */,
				4ABF41AF1BCCB28800E836DC /* ViewController.swift in Sources */,
				4ABF41DD1BCF8A6C00E836DC /* Settings.swift in Sources */,
				4ABF41DF1BCFA3C000E836DC /* SettingsViewController.swift in Sources */,
				4ABF41AD1BCCB28800E836DC /* AppDelegate.swift in Sources */,
			);
			runOnlyForDeploymentPostprocessing = 0;
		};
		4ABF41B91BCCB28800E836DC /* Sources */ = {
			isa = PBXSourcesBuildPhase;
			buildActionMask = 2147483647;
			files = (
				4ABF41C21BCCB28800E836DC /* BreakoutTests.swift in Sources */,
			);
			runOnlyForDeploymentPostprocessing = 0;
		};
		4ABF41C41BCCB28800E836DC /* Sources */ = {
			isa = PBXSourcesBuildPhase;
			buildActionMask = 2147483647;
			files = (
				4ABF41CD1BCCB28800E836DC /* BreakoutUITests.swift in Sources */,
			);
			runOnlyForDeploymentPostprocessing = 0;
		};
/* End PBXSourcesBuildPhase section */

/* Begin PBXTargetDependency section */
		4ABF41BF1BCCB28800E836DC /* PBXTargetDependency */ = {
			isa = PBXTargetDependency;
			target = 4ABF41A81BCCB28800E836DC /* Breakout */;
			targetProxy = 4ABF41BE1BCCB28800E836DC /* PBXContainerItemProxy */;
		};
		4ABF41CA1BCCB28800E836DC /* PBXTargetDependency */ = {
			isa = PBXTargetDependency;
			target = 4ABF41A81BCCB28800E836DC /* Breakout */;
			targetProxy = 4ABF41C91BCCB28800E836DC /* PBXContainerItemProxy */;
		};
/* End PBXTargetDependency section */

/* Begin PBXVariantGroup section */
		4ABF41B01BCCB28800E836DC /* Main.storyboard */ = {
			isa = PBXVariantGroup;
			children = (
				4ABF41B11BCCB28800E836DC /* Base */,
			);
			name = Main.storyboard;
			sourceTree = "<group>";
		};
		4ABF41B51BCCB28800E836DC /* LaunchScreen.storyboard */ = {
			isa = PBXVariantGroup;
			children = (
				4ABF41B61BCCB28800E836DC /* Base */,
			);
			name = LaunchScreen.storyboard;
			sourceTree = "<group>";
		};
/* End PBXVariantGroup section */

/* Begin XCBuildConfiguration section */
		4ABF41CF1BCCB28800E836DC /* Debug */ = {
			isa = XCBuildConfiguration;
			buildSettings = {
				ALWAYS_SEARCH_USER_PATHS = NO;
				CLANG_CXX_LANGUAGE_STANDARD = "gnu++0x";
				CLANG_CXX_LIBRARY = "libc++";
				CLANG_ENABLE_MODULES = YES;
				CLANG_ENABLE_OBJC_ARC = YES;
				CLANG_WARN_BOOL_CONVERSION = YES;
				CLANG_WARN_CONSTANT_CONVERSION = YES;
				CLANG_WARN_DIRECT_OBJC_ISA_USAGE = YES_ERROR;
				CLANG_WARN_EMPTY_BODY = YES;
				CLANG_WARN_ENUM_CONVERSION = YES;
				CLANG_WARN_INT_CONVERSION = YES;
				CLANG_WARN_OBJC_ROOT_CLASS = YES_ERROR;
				CLANG_WARN_UNREACHABLE_CODE = YES;
				CLANG_WARN__DUPLICATE_METHOD_MATCH = YES;
				"CODE_SIGN_IDENTITY[sdk=iphoneos*]" = "iPhone Developer";
				COPY_PHASE_STRIP = NO;
				DEBUG_INFORMATION_FORMAT = dwarf;
				ENABLE_STRICT_OBJC_MSGSEND = YES;
				ENABLE_TESTABILITY = YES;
				GCC_C_LANGUAGE_STANDARD = gnu99;
				GCC_DYNAMIC_NO_PIC = NO;
				GCC_NO_COMMON_BLOCKS = YES;
				GCC_OPTIMIZATION_LEVEL = 0;
				GCC_PREPROCESSOR_DEFINITIONS = (
					"DEBUG=1",
					"$(inherited)",
				);
				GCC_WARN_64_TO_32_BIT_CONVERSION = YES;
				GCC_WARN_ABOUT_RETURN_TYPE = YES_ERROR;
				GCC_WARN_UNDECLARED_SELECTOR = YES;
				GCC_WARN_UNINITIALIZED_AUTOS = YES_AGGRESSIVE;
				GCC_WARN_UNUSED_FUNCTION = YES;
				GCC_WARN_UNUSED_VARIABLE = YES;
				IPHONEOS_DEPLOYMENT_TARGET = 9.0;
				MTL_ENABLE_DEBUG_INFO = YES;
				ONLY_ACTIVE_ARCH = YES;
				SDKROOT = iphoneos;
				SWIFT_OPTIMIZATION_LEVEL = "-Onone";
				TARGETED_DEVICE_FAMILY = "1,2";
			};
			name = Debug;
		};
		4ABF41D01BCCB28800E836DC /* Release */ = {
			isa = XCBuildConfiguration;
			buildSettings = {
				ALWAYS_SEARCH_USER_PATHS = NO;
				CLANG_CXX_LANGUAGE_STANDARD = "gnu++0x";
				CLANG_CXX_LIBRARY = "libc++";
				CLANG_ENABLE_MODULES = YES;
				CLANG_ENABLE_OBJC_ARC = YES;
				CLANG_WARN_BOOL_CONVERSION = YES;
				CLANG_WARN_CONSTANT_CONVERSION = YES;
				CLANG_WARN_DIRECT_OBJC_ISA_USAGE = YES_ERROR;
				CLANG_WARN_EMPTY_BODY = YES;
				CLANG_WARN_ENUM_CONVERSION = YES;
				CLANG_WARN_INT_CONVERSION = YES;
				CLANG_WARN_OBJC_ROOT_CLASS = YES_ERROR;
				CLANG_WARN_UNREACHABLE_CODE = YES;
				CLANG_WARN__DUPLICATE_METHOD_MATCH = YES;
				"CODE_SIGN_IDENTITY[sdk=iphoneos*]" = "iPhone Developer";
				COPY_PHASE_STRIP = NO;
				DEBUG_INFORMATION_FORMAT = "dwarf-with-dsym";
				ENABLE_NS_ASSERTIONS = NO;
				ENABLE_STRICT_OBJC_MSGSEND = YES;
				GCC_C_LANGUAGE_STANDARD = gnu99;
				GCC_NO_COMMON_BLOCKS = YES;
				GCC_WARN_64_TO_32_BIT_CONVERSION = YES;
				GCC_WARN_ABOUT_RETURN_TYPE = YES_ERROR;
				GCC_WARN_UNDECLARED_SELECTOR = YES;
				GCC_WARN_UNINITIALIZED_AUTOS = YES_AGGRESSIVE;
				GCC_WARN_UNUSED_FUNCTION = YES;
				GCC_WARN_UNUSED_VARIABLE = YES;
				IPHONEOS_DEPLOYMENT_TARGET = 9.0;
				MTL_ENABLE_DEBUG_INFO = NO;
				SDKROOT = iphoneos;
				TARGETED_DEVICE_FAMILY = "1,2";
				VALIDATE_PRODUCT = YES;
			};
			name = Release;
		};
		4ABF41D21BCCB28800E836DC /* Debug */ = {
			isa = XCBuildConfiguration;
			buildSettings = {
				ASSETCATALOG_COMPILER_APPICON_NAME = AppIcon;
				INFOPLIST_FILE = Breakout/Info.plist;
				LD_RUNPATH_SEARCH_PATHS = "$(inherited) @executable_path/Frameworks";
				PRODUCT_BUNDLE_IDENTIFIER = com.nevercry.Breakout;
				PRODUCT_NAME = "$(TARGET_NAME)";
			};
			name = Debug;
		};
		4ABF41D31BCCB28800E836DC /* Release */ = {
			isa = XCBuildConfiguration;
			buildSettings = {
				ASSETCATALOG_COMPILER_APPICON_NAME = AppIcon;
				INFOPLIST_FILE = Breakout/Info.plist;
				LD_RUNPATH_SEARCH_PATHS = "$(inherited) @executable_path/Frameworks";
				PRODUCT_BUNDLE_IDENTIFIER = com.nevercry.Breakout;
				PRODUCT_NAME = "$(TARGET_NAME)";
			};
			name = Release;
		};
		4ABF41D51BCCB28800E836DC /* Debug */ = {
			isa = XCBuildConfiguration;
			buildSettings = {
				BUNDLE_LOADER = "$(TEST_HOST)";
				INFOPLIST_FILE = BreakoutTests/Info.plist;
				LD_RUNPATH_SEARCH_PATHS = "$(inherited) @executable_path/Frameworks @loader_path/Frameworks";
				PRODUCT_BUNDLE_IDENTIFIER = com.nevercry.BreakoutTests;
				PRODUCT_NAME = "$(TARGET_NAME)";
				TEST_HOST = "$(BUILT_PRODUCTS_DIR)/Breakout.app/Breakout";
			};
			name = Debug;
		};
		4ABF41D61BCCB28800E836DC /* Release */ = {
			isa = XCBuildConfiguration;
			buildSettings = {
				BUNDLE_LOADER = "$(TEST_HOST)";
				INFOPLIST_FILE = BreakoutTests/Info.plist;
				LD_RUNPATH_SEARCH_PATHS = "$(inherited) @executable_path/Frameworks @loader_path/Frameworks";
				PRODUCT_BUNDLE_IDENTIFIER = com.nevercry.BreakoutTests;
				PRODUCT_NAME = "$(TARGET_NAME)";
				TEST_HOST = "$(BUILT_PRODUCTS_DIR)/Breakout.app/Breakout";
			};
			name = Release;
		};
		4ABF41D81BCCB28800E836DC /* Debug */ = {
			isa = XCBuildConfiguration;
			buildSettings = {
				INFOPLIST_FILE = BreakoutUITests/Info.plist;
				LD_RUNPATH_SEARCH_PATHS = "$(inherited) @executable_path/Frameworks @loader_path/Frameworks";
				PRODUCT_BUNDLE_IDENTIFIER = com.nevercry.BreakoutUITests;
				PRODUCT_NAME = "$(TARGET_NAME)";
				TEST_TARGET_NAME = Breakout;
				USES_XCTRUNNER = YES;
			};
			name = Debug;
		};
		4ABF41D91BCCB28800E836DC /* Release */ = {
			isa = XCBuildConfiguration;
			buildSettings = {
				INFOPLIST_FILE = BreakoutUITests/Info.plist;
				LD_RUNPATH_SEARCH_PATHS = "$(inherited) @executable_path/Frameworks @loader_path/Frameworks";
				PRODUCT_BUNDLE_IDENTIFIER = com.nevercry.BreakoutUITests;
				PRODUCT_NAME = "$(TARGET_NAME)";
				TEST_TARGET_NAME = Breakout;
				USES_XCTRUNNER = YES;
			};
			name = Release;
		};
/* End XCBuildConfiguration section */

/* Begin XCConfigurationList section */
		4ABF41A41BCCB28800E836DC /* Build configuration list for PBXProject "Breakout" */ = {
			isa = XCConfigurationList;
			buildConfigurations = (
				4ABF41CF1BCCB28800E836DC /* Debug */,
				4ABF41D01BCCB28800E836DC /* Release */,
			);
			defaultConfigurationIsVisible = 0;
			defaultConfigurationName = Release;
		};
		4ABF41D11BCCB28800E836DC /* Build configuration list for PBXNativeTarget "Breakout" */ = {
			isa = XCConfigurationList;
			buildConfigurations = (
				4ABF41D21BCCB28800E836DC /* Debug */,
				4ABF41D31BCCB28800E836DC /* Release */,
			);
			defaultConfigurationIsVisible = 0;
		};
		4ABF41D41BCCB28800E836DC /* Build configuration list for PBXNativeTarget "BreakoutTests" */ = {
			isa = XCConfigurationList;
			buildConfigurations = (
				4ABF41D51BCCB28800E836DC /* Debug */,
				4ABF41D61BCCB28800E836DC /* Release */,
			);
			defaultConfigurationIsVisible = 0;
		};
		4ABF41D71BCCB28800E836DC /* Build configuration list for PBXNativeTarget "BreakoutUITests" */ = {
			isa = XCConfigurationList;
			buildConfigurations = (
				4ABF41D81BCCB28800E836DC /* Debug */,
				4ABF41D91BCCB28800E836DC /* Release */,
			);
			defaultConfigurationIsVisible = 0;
		};
/* End XCConfigurationList section */
	};
	rootObject = 4ABF41A11BCCB28800E836DC /* Project object */;
}
